
Microsoft Visual Studio Solution File, Format Version 12.00
# Visual Studio 15
VisualStudioVersion = 15.0.28010.2041
MinimumVisualStudioVersion = 10.0.40219.1
Project("{FAE04EC0-301F-11D3-BF4B-00C04F79EFBC}") = "Flardar", "Flardar.csproj", "{8A23BEB1-471E-4F92-9271-1CBC627C042D}"
EndProject
Global
	GlobalSection(SolutionConfigurationPlatforms) = preSolution
		Debug|Any CPU = Debug|Any CPU
		Release|Any CPU = Release|Any CPU
	EndGlobalSection
	GlobalSection(ProjectConfigurationPlatforms) = postSolution
		{8A23BEB1-471E-4F92-9271-1CBC627C042D}.Debug|Any CPU.ActiveCfg = Debug|Any CPU
		{8A23BEB1-471E-4F92-9271-1CBC627C042D}.Debug|Any CPU.Build.0 = Debug|Any CPU
		{8A23BEB1-471E-4F92-9271-1CBC627C042D}.Release|Any CPU.ActiveCfg = Release|Any CPU
		{8A23BEB1-471E-4F92-9271-1CBC627C042D}.Release|Any CPU.Build.0 = Release|Any CPU
	EndGlobalSection
	GlobalSection(SolutionProperties) = preSolution
		HideSolutionNode = FALSE
	EndGlobalSection
	GlobalSection(ExtensibilityGlobals) = postSolution
		SolutionGuid = {A0A64DFB-75E5-465E-B129-46D980E77A9A}
	EndGlobalSection
EndGlobal
